// !$*UTF8*$!
{
	archiveVersion = 1;
	classes = {
	};
	objectVersion = 48;
	objects = {

/* Begin PBXBuildFile section */
		EEED71941F9CC98D00FBEE57 /* AppDelegate.swift in Sources */ = {isa = PBXBuildFile; fileRef = EEED71931F9CC98D00FBEE57 /* AppDelegate.swift */; };
		EEED71961F9CC98D00FBEE57 /* ViewController.swift in Sources */ = {isa = PBXBuildFile; fileRef = EEED71951F9CC98D00FBEE57 /* ViewController.swift */; };
		EEED71991F9CC98D00FBEE57 /* Main.storyboard in Resources */ = {isa = PBXBuildFile; fileRef = EEED71971F9CC98D00FBEE57 /* Main.storyboard */; };
		EEED719B1F9CC98D00FBEE57 /* Assets.xcassets in Resources */ = {isa = PBXBuildFile; fileRef = EEED719A1F9CC98D00FBEE57 /* Assets.xcassets */; };
		EEED719E1F9CC98D00FBEE57 /* LaunchScreen.storyboard in Resources */ = {isa = PBXBuildFile; fileRef = EEED719C1F9CC98D00FBEE57 /* LaunchScreen.storyboard */; };
		EEED71A91F9CC98D00FBEE57 /* HappybirthdayTests.swift in Sources */ = {isa = PBXBuildFile; fileRef = EEED71A81F9CC98D00FBEE57 /* HappybirthdayTests.swift */; };
		EEED71B41F9CC98D00FBEE57 /* HappybirthdayUITests.swift in Sources */ = {isa = PBXBuildFile; fileRef = EEED71B31F9CC98D00FBEE57 /* HappybirthdayUITests.swift */; };
/* End PBXBuildFile section */

/* Begin PBXContainerItemProxy section */
		EEED71A51F9CC98D00FBEE57 /* PBXContainerItemProxy */ = {
			isa = PBXContainerItemProxy;
			containerPortal = EEED71881F9CC98D00FBEE57 /* Project object */;
			proxyType = 1;
			remoteGlobalIDString = EEED718F1F9CC98D00FBEE57;
			remoteInfo = Happybirthday;
		};
		EEED71B01F9CC98D00FBEE57 /* PBXContainerItemProxy */ = {
			isa = PBXContainerItemProxy;
			containerPortal = EEED71881F9CC98D00FBEE57 /* Project object */;
			proxyType = 1;
			remoteGlobalIDString = EEED718F1F9CC98D00FBEE57;
			remoteInfo = Happybirthday;
		};
/* End PBXContainerItemProxy section */

/* Begin PBXFileReference section */
		EEED71901F9CC98D00FBEE57 /* Happybirthday.app */ = {isa = PBXFileReference; explicitFileType = wrapper.application; includeInIndex = 0; path = Happybirthday.app; sourceTree = BUILT_PRODUCTS_DIR; };
		EEED71931F9CC98D00FBEE57 /* AppDelegate.swift */ = {isa = PBXFileReference; lastKnownFileType = sourcecode.swift; path = AppDelegate.swift; sourceTree = "<group>"; };
		EEED71951F9CC98D00FBEE57 /* ViewController.swift */ = {isa = PBXFileReference; lastKnownFileType = sourcecode.swift; path = ViewController.swift; sourceTree = "<group>"; };
		EEED71981F9CC98D00FBEE57 /* Base */ = {isa = PBXFileReference; lastKnownFileType = file.storyboard; name = Base; path = Base.lproj/Main.storyboard; sourceTree = "<group>"; };
		EEED719A1F9CC98D00FBEE57 /* Assets.xcassets */ = {isa = PBXFileReference; lastKnownFileType = folder.assetcatalog; path = Assets.xcassets; sourceTree = "<group>"; };
		EEED719D1F9CC98D00FBEE57 /* Base */ = {isa = PBXFileReference; lastKnownFileType = file.storyboard; name = Base; path = Base.lproj/LaunchScreen.storyboard; sourceTree = "<group>"; };
		EEED719F1F9CC98D00FBEE57 /* Info.plist */ = {isa = PBXFileReference; lastKnownFileType = text.plist.xml; path = Info.plist; sourceTree = "<group>"; };
		EEED71A41F9CC98D00FBEE57 /* HappybirthdayTests.xctest */ = {isa = PBXFileReference; explicitFileType = wrapper.cfbundle; includeInIndex = 0; path = HappybirthdayTests.xctest; sourceTree = BUILT_PRODUCTS_DIR; };
		EEED71A81F9CC98D00FBEE57 /* HappybirthdayTests.swift */ = {isa = PBXFileReference; lastKnownFileType = sourcecode.swift; path = HappybirthdayTests.swift; sourceTree = "<group>"; };
		EEED71AA1F9CC98D00FBEE57 /* Info.plist */ = {isa = PBXFileReference; lastKnownFileType = text.plist.xml; path = Info.plist; sourceTree = "<group>"; };
		EEED71AF1F9CC98D00FBEE57 /* HappybirthdayUITests.xctest */ = {isa = PBXFileReference; explicitFileType = wrapper.cfbundle; includeInIndex = 0; path = HappybirthdayUITests.xctest; sourceTree = BUILT_PRODUCTS_DIR; };
		EEED71B31F9CC98D00FBEE57 /* HappybirthdayUITests.swift */ = {isa = PBXFileReference; lastKnownFileType = sourcecode.swift; path = HappybirthdayUITests.swift; sourceTree = "<group>"; };
		EEED71B51F9CC98D00FBEE57 /* Info.plist */ = {isa = PBXFileReference; lastKnownFileType = text.plist.xml; path = Info.plist; sourceTree = "<group>"; };
/* End PBXFileReference section */

/* Begin PBXFrameworksBuildPhase section */
		EEED718D1F9CC98D00FBEE57 /* Frameworks */ = {
			isa = PBXFrameworksBuildPhase;
			buildActionMask = 2147483647;
			files = (
			);
			runOnlyForDeploymentPostprocessing = 0;
		};
		EEED71A11F9CC98D00FBEE57 /* Frameworks */ = {
			isa = PBXFrameworksBuildPhase;
			buildActionMask = 2147483647;
			files = (
			);
			runOnlyForDeploymentPostprocessing = 0;
		};
		EEED71AC1F9CC98D00FBEE57 /* Frameworks */ = {
			isa = PBXFrameworksBuildPhase;
			buildActionMask = 2147483647;
			files = (
			);
			runOnlyForDeploymentPostprocessing = 0;
		};
/* End PBXFrameworksBuildPhase section */

/* Begin PBXGroup section */
		EEED71871F9CC98D00FBEE57 = {
			isa = PBXGroup;
			children = (
				EEED71921F9CC98D00FBEE57 /* Happybirthday */,
				EEED71A71F9CC98D00FBEE57 /* HappybirthdayTests */,
				EEED71B21F9CC98D00FBEE57 /* HappybirthdayUITests */,
				EEED71911F9CC98D00FBEE57 /* Products */,
			);
			sourceTree = "<group>";
		};
		EEED71911F9CC98D00FBEE57 /* Products */ = {
			isa = PBXGroup;
			children = (
				EEED71901F9CC98D00FBEE57 /* Happybirthday.app */,
				EEED71A41F9CC98D00FBEE57 /* HappybirthdayTests.xctest */,
				EEED71AF1F9CC98D00FBEE57 /* HappybirthdayUITests.xctest */,
			);
			name = Products;
			sourceTree = "<group>";
		};
		EEED71921F9CC98D00FBEE57 /* Happybirthday */ = {
			isa = PBXGroup;
			children = (
				EEED71931F9CC98D00FBEE57 /* AppDelegate.swift */,
				EEED71951F9CC98D00FBEE57 /* ViewController.swift */,
				EEED71971F9CC98D00FBEE57 /* Main.storyboard */,
				EEED719A1F9CC98D00FBEE57 /* Assets.xcassets */,
				EEED719C1F9CC98D00FBEE57 /* LaunchScreen.storyboard */,
				EEED719F1F9CC98D00FBEE57 /* Info.plist */,
			);
			path = Happybirthday;
			sourceTree = "<group>";
		};
		EEED71A71F9CC98D00FBEE57 /* HappybirthdayTests */ = {
			isa = PBXGroup;
			children = (
				EEED71A81F9CC98D00FBEE57 /* HappybirthdayTests.swift */,
				EEED71AA1F9CC98D00FBEE57 /* Info.plist */,
			);
			path = HappybirthdayTests;
			sourceTree = "<group>";
		};
		EEED71B21F9CC98D00FBEE57 /* HappybirthdayUITests */ = {
			isa = PBXGroup;
			children = (
				EEED71B31F9CC98D00FBEE57 /* HappybirthdayUITests.swift */,
				EEED71B51F9CC98D00FBEE57 /* Info.plist */,
			);
			path = HappybirthdayUITests;
			sourceTree = "<group>";
		};
/* End PBXGroup section */

/* Begin PBXNativeTarget section */
		EEED718F1F9CC98D00FBEE57 /* Happybirthday */ = {
			isa = PBXNativeTarget;
			buildConfigurationList = EEED71B81F9CC98D00FBEE57 /* Build configuration list for PBXNativeTarget "Happybirthday" */;
			buildPhases = (
				EEED718C1F9CC98D00FBEE57 /* Sources */,
				EEED718D1F9CC98D00FBEE57 /* Frameworks */,
				EEED718E1F9CC98D00FBEE57 /* Resources */,
			);
			buildRules = (
			);
			dependencies = (
			);
			name = Happybirthday;
			productName = Happybirthday;
			productReference = EEED71901F9CC98D00FBEE57 /* Happybirthday.app */;
			productType = "com.apple.product-type.application";
		};
		EEED71A31F9CC98D00FBEE57 /* HappybirthdayTests */ = {
			isa = PBXNativeTarget;
			buildConfigurationList = EEED71BB1F9CC98D00FBEE57 /* Build configuration list for PBXNativeTarget "HappybirthdayTests" */;
			buildPhases = (
				EEED71A01F9CC98D00FBEE57 /* Sources */,
				EEED71A11F9CC98D00FBEE57 /* Frameworks */,
				EEED71A21F9CC98D00FBEE57 /* Resources */,
			);
			buildRules = (
			);
			dependencies = (
				EEED71A61F9CC98D00FBEE57 /* PBXTargetDependency */,
			);
			name = HappybirthdayTests;
			productName = HappybirthdayTests;
			productReference = EEED71A41F9CC98D00FBEE57 /* HappybirthdayTests.xctest */;
			productType = "com.apple.product-type.bundle.unit-test";
		};
		EEED71AE1F9CC98D00FBEE57 /* HappybirthdayUITests */ = {
			isa = PBXNativeTarget;
			buildConfigurationList = EEED71BE1F9CC98D00FBEE57 /* Build configuration list for PBXNativeTarget "HappybirthdayUITests" */;
			buildPhases = (
				EEED71AB1F9CC98D00FBEE57 /* Sources */,
				EEED71AC1F9CC98D00FBEE57 /* Frameworks */,
				EEED71AD1F9CC98D00FBEE57 /* Resources */,
			);
			buildRules = (
			);
			dependencies = (
				EEED71B11F9CC98D00FBEE57 /* PBXTargetDependency */,
			);
			name = HappybirthdayUITests;
			productName = HappybirthdayUITests;
			productReference = EEED71AF1F9CC98D00FBEE57 /* HappybirthdayUITests.xctest */;
			productType = "com.apple.product-type.bundle.ui-testing";
		};
/* End PBXNativeTarget section */

/* Begin PBXProject section */
		EEED71881F9CC98D00FBEE57 /* Project object */ = {
			isa = PBXProject;
			attributes = {
				LastSwiftUpdateCheck = 0900;
				LastUpgradeCheck = 0900;
				ORGANIZATIONNAME = "Maho Misumi";
				TargetAttributes = {
					EEED718F1F9CC98D00FBEE57 = {
						CreatedOnToolsVersion = 9.0;
						ProvisioningStyle = Automatic;
					};
					EEED71A31F9CC98D00FBEE57 = {
						CreatedOnToolsVersion = 9.0;
						ProvisioningStyle = Automatic;
						TestTargetID = EEED718F1F9CC98D00FBEE57;
					};
					EEED71AE1F9CC98D00FBEE57 = {
						CreatedOnToolsVersion = 9.0;
						ProvisioningStyle = Automatic;
						TestTargetID = EEED718F1F9CC98D00FBEE57;
					};
				};
			};
			buildConfigurationList = EEED718B1F9CC98D00FBEE57 /* Build configuration list for PBXProject "Happybirthday" */;
			compatibilityVersion = "Xcode 8.0";
			developmentRegion = en;
			hasScannedForEncodings = 0;
			knownRegions = (
				en,
				Base,
			);
			mainGroup = EEED71871F9CC98D00FBEE57;
			productRefGroup = EEED71911F9CC98D00FBEE57 /* Products */;
			projectDirPath = "";
			projectRoot = "";
			targets = (
				EEED718F1F9CC98D00FBEE57 /* Happybirthday */,
				EEED71A31F9CC98D00FBEE57 /* HappybirthdayTests */,
				EEED71AE1F9CC98D00FBEE57 /* HappybirthdayUITests */,
			);
		};
/* End PBXProject section */

/* Begin PBXResourcesBuildPhase section */
		EEED718E1F9CC98D00FBEE57 /* Resources */ = {
			isa = PBXResourcesBuildPhase;
			buildActionMask = 2147483647;
			files = (
				EEED719E1F9CC98D00FBEE57 /* LaunchScreen.storyboard in Resources */,
				EEED719B1F9CC98D00FBEE57 /* Assets.xcassets in Resources */,
				EEED71991F9CC98D00FBEE57 /* Main.storyboard in Resources */,
			);
			runOnlyForDeploymentPostprocessing = 0;
		};
		EEED71A21F9CC98D00FBEE57 /* Resources */ = {
			isa = PBXResourcesBuildPhase;
			buildActionMask = 2147483647;
			files = (
			);
			runOnlyForDeploymentPostprocessing = 0;
		};
		EEED71AD1F9CC98D00FBEE57 /* Resources */ = {
			isa = PBXResourcesBuildPhase;
			buildActionMask = 2147483647;
			files = (
			);
			runOnlyForDeploymentPostprocessing = 0;
		};
/* End PBXResourcesBuildPhase section */

/* Begin PBXSourcesBuildPhase section */
		EEED718C1F9CC98D00FBEE57 /* Sources */ = {
			isa = PBXSourcesBuildPhase;
			buildActionMask = 2147483647;
			files = (
				EEED71961F9CC98D00FBEE57 /* ViewController.swift in Sources */,
				EEED71941F9CC98D00FBEE57 /* AppDelegate.swift in Sources */,
			);
			runOnlyForDeploymentPostprocessing = 0;
		};
		EEED71A01F9CC98D00FBEE57 /* Sources */ = {
			isa = PBXSourcesBuildPhase;
			buildActionMask = 2147483647;
			files = (
				EEED71A91F9CC98D00FBEE57 /* HappybirthdayTests.swift in Sources */,
			);
			runOnlyForDeploymentPostprocessing = 0;
		};
		EEED71AB1F9CC98D00FBEE57 /* Sources */ = {
			isa = PBXSourcesBuildPhase;
			buildActionMask = 2147483647;
			files = (
				EEED71B41F9CC98D00FBEE57 /* HappybirthdayUITests.swift in Sources */,
			);
			runOnlyForDeploymentPostprocessing = 0;
		};
/* End PBXSourcesBuildPhase section */

/* Begin PBXTargetDependency section */
		EEED71A61F9CC98D00FBEE57 /* PBXTargetDependency */ = {
			isa = PBXTargetDependency;
			target = EEED718F1F9CC98D00FBEE57 /* Happybirthday */;
			targetProxy = EEED71A51F9CC98D00FBEE57 /* PBXContainerItemProxy */;
		};
		EEED71B11F9CC98D00FBEE57 /* PBXTargetDependency */ = {
			isa = PBXTargetDependency;
			target = EEED718F1F9CC98D00FBEE57 /* Happybirthday */;
			targetProxy = EEED71B01F9CC98D00FBEE57 /* PBXContainerItemProxy */;
		};
/* End PBXTargetDependency section */

/* Begin PBXVariantGroup section */
		EEED71971F9CC98D00FBEE57 /* Main.storyboard */ = {
			isa = PBXVariantGroup;
			children = (
				EEED71981F9CC98D00FBEE57 /* Base */,
			);
			name = Main.storyboard;
			sourceTree = "<group>";
		};
		EEED719C1F9CC98D00FBEE57 /* LaunchScreen.storyboard */ = {
			isa = PBXVariantGroup;
			children = (
				EEED719D1F9CC98D00FBEE57 /* Base */,
			);
			name = LaunchScreen.storyboard;
			sourceTree = "<group>";
		};
/* End PBXVariantGroup section */

/* Begin XCBuildConfiguration section */
		EEED71B61F9CC98D00FBEE57 /* Debug */ = {
			isa = XCBuildConfiguration;
			buildSettings = {
				ALWAYS_SEARCH_USER_PATHS = NO;
				CLANG_ANALYZER_NONNULL = YES;
				CLANG_ANALYZER_NUMBER_OBJECT_CONVERSION = YES_AGGRESSIVE;
				CLANG_CXX_LANGUAGE_STANDARD = "gnu++14";
				CLANG_CXX_LIBRARY = "libc++";
				CLANG_ENABLE_MODULES = YES;
				CLANG_ENABLE_OBJC_ARC = YES;
				CLANG_WARN_BLOCK_CAPTURE_AUTORELEASING = YES;
				CLANG_WARN_BOOL_CONVERSION = YES;
				CLANG_WARN_COMMA = YES;
				CLANG_WARN_CONSTANT_CONVERSION = YES;
				CLANG_WARN_DIRECT_OBJC_ISA_USAGE = YES_ERROR;
				CLANG_WARN_DOCUMENTATION_COMMENTS = YES;
				CLANG_WARN_EMPTY_BODY = YES;
				CLANG_WARN_ENUM_CONVERSION = YES;
				CLANG_WARN_INFINITE_RECURSION = YES;
				CLANG_WARN_INT_CONVERSION = YES;
				CLANG_WARN_NON_LITERAL_NULL_CONVERSION = YES;
				CLANG_WARN_OBJC_LITERAL_CONVERSION = YES;
				CLANG_WARN_OBJC_ROOT_CLASS = YES_ERROR;
				CLANG_WARN_RANGE_LOOP_ANALYSIS = YES;
				CLANG_WARN_STRICT_PROTOTYPES = YES;
				CLANG_WARN_SUSPICIOUS_MOVE = YES;
				CLANG_WARN_UNGUARDED_AVAILABILITY = YES_AGGRESSIVE;
				CLANG_WARN_UNREACHABLE_CODE = YES;
				CLANG_WARN__DUPLICATE_METHOD_MATCH = YES;
				CODE_SIGN_IDENTITY = "iPhone Developer";
				COPY_PHASE_STRIP = NO;
				DEBUG_INFORMATION_FORMAT = dwarf;
				ENABLE_STRICT_OBJC_MSGSEND = YES;
				ENABLE_TESTABILITY = YES;
				GCC_C_LANGUAGE_STANDARD = gnu11;
				GCC_DYNAMIC_NO_PIC = NO;
				GCC_NO_COMMON_BLOCKS = YES;
				GCC_OPTIMIZATION_LEVEL = 0;
				GCC_PREPROCESSOR_DEFINITIONS = (
					"DEBUG=1",
					"$(inherited)",
				);
				GCC_WARN_64_TO_32_BIT_CONVERSION = YES;
				GCC_WARN_ABOUT_RETURN_TYPE = YES_ERROR;
				GCC_WARN_UNDECLARED_SELECTOR = YES;
				GCC_WARN_UNINITIALIZED_AUTOS = YES_AGGRESSIVE;
				GCC_WARN_UNUSED_FUNCTION = YES;
				GCC_WARN_UNUSED_VARIABLE = YES;
				IPHONEOS_DEPLOYMENT_TARGET = 11.0;
				MTL_ENABLE_DEBUG_INFO = YES;
				ONLY_ACTIVE_ARCH = YES;
				SDKROOT = iphoneos;
				SWIFT_ACTIVE_COMPILATION_CONDITIONS = DEBUG;
				SWIFT_OPTIMIZATION_LEVEL = "-Onone";
			};
			name = Debug;
		};
		EEED71B71F9CC98D00FBEE57 /* Release */ = {
			isa = XCBuildConfiguration;
			buildSettings = {
				ALWAYS_SEARCH_USER_PATHS = NO;
				CLANG_ANALYZER_NONNULL = YES;
				CLANG_ANALYZER_NUMBER_OBJECT_CONVERSION = YES_AGGRESSIVE;
				CLANG_CXX_LANGUAGE_STANDARD = "gnu++14";
				CLANG_CXX_LIBRARY = "libc++";
				CLANG_ENABLE_MODULES = YES;
				CLANG_ENABLE_OBJC_ARC = YES;
				CLANG_WARN_BLOCK_CAPTURE_AUTORELEASING = YES;
				CLANG_WARN_BOOL_CONVERSION = YES;
				CLANG_WARN_COMMA = YES;
				CLANG_WARN_CONSTANT_CONVERSION = YES;
				CLANG_WARN_DIRECT_OBJC_ISA_USAGE = YES_ERROR;
				CLANG_WARN_DOCUMENTATION_COMMENTS = YES;
				CLANG_WARN_EMPTY_BODY = YES;
				CLANG_WARN_ENUM_CONVERSION = YES;
				CLANG_WARN_INFINITE_RECURSION = YES;
				CLANG_WARN_INT_CONVERSION = YES;
				CLANG_WARN_NON_LITERAL_NULL_CONVERSION = YES;
				CLANG_WARN_OBJC_LITERAL_CONVERSION = YES;
				CLANG_WARN_OBJC_ROOT_CLASS = YES_ERROR;
				CLANG_WARN_RANGE_LOOP_ANALYSIS = YES;
				CLANG_WARN_STRICT_PROTOTYPES = YES;
				CLANG_WARN_SUSPICIOUS_MOVE = YES;
				CLANG_WARN_UNGUARDED_AVAILABILITY = YES_AGGRESSIVE;
				CLANG_WARN_UNREACHABLE_CODE = YES;
				CLANG_WARN__DUPLICATE_METHOD_MATCH = YES;
				CODE_SIGN_IDENTITY = "iPhone Developer";
				COPY_PHASE_STRIP = NO;
				DEBUG_INFORMATION_FORMAT = "dwarf-with-dsym";
				ENABLE_NS_ASSERTIONS = NO;
				ENABLE_STRICT_OBJC_MSGSEND = YES;
				GCC_C_LANGUAGE_STANDARD = gnu11;
				GCC_NO_COMMON_BLOCKS = YES;
				GCC_WARN_64_TO_32_BIT_CONVERSION = YES;
				GCC_WARN_ABOUT_RETURN_TYPE = YES_ERROR;
				GCC_WARN_UNDECLARED_SELECTOR = YES;
				GCC_WARN_UNINITIALIZED_AUTOS = YES_AGGRESSIVE;
				GCC_WARN_UNUSED_FUNCTION = YES;
				GCC_WARN_UNUSED_VARIABLE = YES;
				IPHONEOS_DEPLOYMENT_TARGET = 11.0;
				MTL_ENABLE_DEBUG_INFO = NO;
				SDKROOT = iphoneos;
				SWIFT_OPTIMIZATION_LEVEL = "-Owholemodule";
				VALIDATE_PRODUCT = YES;
			};
			name = Release;
		};
		EEED71B91F9CC98D00FBEE57 /* Debug */ = {
			isa = XCBuildConfiguration;
			buildSettings = {
				ASSETCATALOG_COMPILER_APPICON_NAME = AppIcon;
				CODE_SIGN_STYLE = Automatic;
				INFOPLIST_FILE = Happybirthday/Info.plist;
				LD_RUNPATH_SEARCH_PATHS = "$(inherited) @executable_path/Frameworks";
				PRODUCT_BUNDLE_IDENTIFIER = maho.com.Happybirthday;
				PRODUCT_NAME = "$(TARGET_NAME)";
				SWIFT_VERSION = 4.0;
				TARGETED_DEVICE_FAMILY = "1,2";
			};
			name = Debug;
		};
		EEED71BA1F9CC98D00FBEE57 /* Release */ = {
			isa = XCBuildConfiguration;
			buildSettings = {
				ASSETCATALOG_COMPILER_APPICON_NAME = AppIcon;
				CODE_SIGN_STYLE = Automatic;
				INFOPLIST_FILE = Happybirthday/Info.plist;
				LD_RUNPATH_SEARCH_PATHS = "$(inherited) @executable_path/Frameworks";
				PRODUCT_BUNDLE_IDENTIFIER = maho.com.Happybirthday;
				PRODUCT_NAME = "$(TARGET_NAME)";
				SWIFT_VERSION = 4.0;
				TARGETED_DEVICE_FAMILY = "1,2";
			};
			name = Release;
		};
		EEED71BC1F9CC98D00FBEE57 /* Debug */ = {
			isa = XCBuildConfiguration;
			buildSettings = {
				ALWAYS_EMBED_SWIFT_STANDARD_LIBRARIES = YES;
				BUNDLE_LOADER = "$(TEST_HOST)";
				CODE_SIGN_STYLE = Automatic;
				INFOPLIST_FILE = HappybirthdayTests/Info.plist;
				LD_RUNPATH_SEARCH_PATHS = "$(inherited) @executable_path/Frameworks @loader_path/Frameworks";
				PRODUCT_BUNDLE_IDENTIFIER = maho.com.HappybirthdayTests;
				PRODUCT_NAME = "$(TARGET_NAME)";
				SWIFT_VERSION = 4.0;
				TARGETED_DEVICE_FAMILY = "1,2";
				TEST_HOST = "$(BUILT_PRODUCTS_DIR)/Happybirthday.app/Happybirthday";
			};
			name = Debug;
		};
		EEED71BD1F9CC98D00FBEE57 /* Release */ = {
			isa = XCBuildConfiguration;
			buildSettings = {
				ALWAYS_EMBED_SWIFT_STANDARD_LIBRARIES = YES;
				BUNDLE_LOADER = "$(TEST_HOST)";
				CODE_SIGN_STYLE = Automatic;
				INFOPLIST_FILE = HappybirthdayTests/Info.plist;
				LD_RUNPATH_SEARCH_PATHS = "$(inherited) @executable_path/Frameworks @loader_path/Frameworks";
				PRODUCT_BUNDLE_IDENTIFIER = maho.com.HappybirthdayTests;
				PRODUCT_NAME = "$(TARGET_NAME)";
				SWIFT_VERSION = 4.0;
				TARGETED_DEVICE_FAMILY = "1,2";
				TEST_HOST = "$(BUILT_PRODUCTS_DIR)/Happybirthday.app/Happybirthday";
			};
			name = Release;
		};
		EEED71BF1F9CC98D00FBEE57 /* Debug */ = {
			isa = XCBuildConfiguration;
			buildSettings = {
				ALWAYS_EMBED_SWIFT_STANDARD_LIBRARIES = YES;
				CODE_SIGN_STYLE = Automatic;
				INFOPLIST_FILE = HappybirthdayUITests/Info.plist;
				LD_RUNPATH_SEARCH_PATHS = "$(inherited) @executable_path/Frameworks @loader_path/Frameworks";
				PRODUCT_BUNDLE_IDENTIFIER = maho.com.HappybirthdayUITests;
				PRODUCT_NAME = "$(TARGET_NAME)";
				SWIFT_VERSION = 4.0;
				TARGETED_DEVICE_FAMILY = "1,2";
				TEST_TARGET_NAME = Happybirthday;
			};
			name = Debug;
		};
		EEED71C01F9CC98D00FBEE57 /* Release */ = {
			isa = XCBuildConfiguration;
			buildSettings = {
				ALWAYS_EMBED_SWIFT_STANDARD_LIBRARIES = YES;
				CODE_SIGN_STYLE = Automatic;
				INFOPLIST_FILE = HappybirthdayUITests/Info.plist;
				LD_RUNPATH_SEARCH_PATHS = "$(inherited) @executable_path/Frameworks @loader_path/Frameworks";
				PRODUCT_BUNDLE_IDENTIFIER = maho.com.HappybirthdayUITests;
				PRODUCT_NAME = "$(TARGET_NAME)";
				SWIFT_VERSION = 4.0;
				TARGETED_DEVICE_FAMILY = "1,2";
				TEST_TARGET_NAME = Happybirthday;
			};
			name = Release;
		};
/* End XCBuildConfiguration section */

/* Begin XCConfigurationList section */
		EEED718B1F9CC98D00FBEE57 /* Build configuration list for PBXProject "Happybirthday" */ = {
			isa = XCConfigurationList;
			buildConfigurations = (
				EEED71B61F9CC98D00FBEE57 /* Debug */,
				EEED71B71F9CC98D00FBEE57 /* Release */,
			);
			defaultConfigurationIsVisible = 0;
			defaultConfigurationName = Release;
		};
		EEED71B81F9CC98D00FBEE57 /* Build configuration list for PBXNativeTarget "Happybirthday" */ = {
			isa = XCConfigurationList;
			buildConfigurations = (
				EEED71B91F9CC98D00FBEE57 /* Debug */,
				EEED71BA1F9CC98D00FBEE57 /* Release */,
			);
			defaultConfigurationIsVisible = 0;
			defaultConfigurationName = Release;
		};
		EEED71BB1F9CC98D00FBEE57 /* Build configuration list for PBXNativeTarget "HappybirthdayTests" */ = {
			isa = XCConfigurationList;
			buildConfigurations = (
				EEED71BC1F9CC98D00FBEE57 /* Debug */,
				EEED71BD1F9CC98D00FBEE57 /* Release */,
			);
			defaultConfigurationIsVisible = 0;
			defaultConfigurationName = Release;
		};
		EEED71BE1F9CC98D00FBEE57 /* Build configuration list for PBXNativeTarget "HappybirthdayUITests" */ = {
			isa = XCConfigurationList;
			buildConfigurations = (
				EEED71BF1F9CC98D00FBEE57 /* Debug */,
				EEED71C01F9CC98D00FBEE57 /* Release */,
			);
			defaultConfigurationIsVisible = 0;
			defaultConfigurationName = Release;
		};
/* End XCConfigurationList section */
	};
	rootObject = EEED71881F9CC98D00FBEE57 /* Project object */;
}
